Microsoft Visual Studio Solution File, Format Version 12.00
# Visual Studio Version 17
VisualStudioVersion = 17.5.2.0
MinimumVisualStudioVersion = 10.0.40219.1
Project("{FAE04EC0-301F-11D3-BF4B-00C04F79EFBC}") = "Screenshot task C#", "Screenshot task C#.csproj", "{91904B46-B4CB-2491-8F6C-428247424A79}"
EndProject
Global
	GlobalSection(SolutionConfigurationPlatforms) = preSolution
		Debug|Any CPU = Debug|Any CPU
		Release|Any CPU = Release|Any CPU
	EndGlobalSection
	GlobalSection(ProjectConfigurationPlatforms) = postSolution
		{91904B46-B4CB-2491-8F6C-428247424A79}.Debug|Any CPU.ActiveCfg = Debug|Any CPU
		{91904B46-B4CB-2491-8F6C-428247424A79}.Debug|Any CPU.Build.0 = Debug|Any CPU
		{91904B46-B4CB-2491-8F6C-428247424A79}.Release|Any CPU.ActiveCfg = Release|Any CPU
		{91904B46-B4CB-2491-8F6C-428247424A79}.Release|Any CPU.Build.0 = Release|Any CPU
	EndGlobalSection
	GlobalSection(SolutionProperties) = preSolution
		HideSolutionNode = FALSE
	EndGlobalSection
	GlobalSection(ExtensibilityGlobals) = postSolution
		SolutionGuid = {8DDDA8A0-E770-4582-A3C5-30CC0CD8F5F0}
	EndGlobalSection
EndGlobal
